
Microsoft Visual Studio Solution File, Format Version 12.00
# Visual Studio Version 17
VisualStudioVersion = 17.10.35122.118
MinimumVisualStudioVersion = 10.0.40219.1
Project("{9A19103F-16F7-4668-BE54-9A1E7A4F7556}") = "MovieApp.net", "MovieApp.net\MovieApp.net.csproj", "{EFBF2FF4-AE78-4A33-B9E4-F589656B4ABD}"
EndProject
Global
	GlobalSection(SolutionConfigurationPlatforms) = preSolution
		Debug|Any CPU = Debug|Any CPU
		Release|Any CPU = Release|Any CPU
	EndGlobalSection
	GlobalSection(ProjectConfigurationPlatforms) = postSolution
		{EFBF2FF4-AE78-4A33-B9E4-F589656B4ABD}.Debug|Any CPU.ActiveCfg = Debug|Any CPU
		{EFBF2FF4-AE78-4A33-B9E4-F589656B4ABD}.Debug|Any CPU.Build.0 = Debug|Any CPU
		{EFBF2FF4-AE78-4A33-B9E4-F589656B4ABD}.Release|Any CPU.ActiveCfg = Release|Any CPU
		{EFBF2FF4-AE78-4A33-B9E4-F589656B4ABD}.Release|Any CPU.Build.0 = Release|Any CPU
	EndGlobalSection
	GlobalSection(SolutionProperties) = preSolution
		HideSolutionNode = FALSE
	EndGlobalSection
	GlobalSection(ExtensibilityGlobals) = postSolution
		SolutionGuid = {081FD080-068F-435F-A318-1A936DD49DFD}
	EndGlobalSection
EndGlobal
